// !$*UTF8*$!
{
	archiveVersion = 1;
	classes = {
	};
	objectVersion = 50;
	objects = {

/* Begin PBXBuildFile section */
		9625D2F125028AD3004E6EDE /* main.m in Sources */ = {isa = PBXBuildFile; fileRef = 9625D2F025028AD3004E6EDE /* main.m */; };
		9625D2FC25029459004E6EDE /* DMRLoadMethodTest.m in Sources */ = {isa = PBXBuildFile; fileRef = 9625D2FB25029459004E6EDE /* DMRLoadMethodTest.m */; };
		9625D2FF25029997004E6EDE /* DMRInitializeMethodTest.m in Sources */ = {isa = PBXBuildFile; fileRef = 9625D2FE25029997004E6EDE /* DMRInitializeMethodTest.m */; };
		9645ED492559869B005D54E5 /* AppDelegate.swift in Sources */ = {isa = PBXBuildFile; fileRef = 9645ED482559869B005D54E5 /* AppDelegate.swift */; };
		9645ED4B2559869B005D54E5 /* SceneDelegate.swift in Sources */ = {isa = PBXBuildFile; fileRef = 9645ED4A2559869B005D54E5 /* SceneDelegate.swift */; };
		9645ED4D2559869B005D54E5 /* ViewController.swift in Sources */ = {isa = PBXBuildFile; fileRef = 9645ED4C2559869B005D54E5 /* ViewController.swift */; };
		9645ED502559869B005D54E5 /* Main.storyboard in Resources */ = {isa = PBXBuildFile; fileRef = 9645ED4E2559869B005D54E5 /* Main.storyboard */; };
		9645ED522559869B005D54E5 /* Assets.xcassets in Resources */ = {isa = PBXBuildFile; fileRef = 9645ED512559869B005D54E5 /* Assets.xcassets */; };
		9645ED552559869B005D54E5 /* LaunchScreen.storyboard in Resources */ = {isa = PBXBuildFile; fileRef = 9645ED532559869B005D54E5 /* LaunchScreen.storyboard */; };
/* End PBXBuildFile section */

/* Begin PBXCopyFilesBuildPhase section */
		9625D2EB25028AD3004E6EDE /* CopyFiles */ = {
			isa = PBXCopyFilesBuildPhase;
			buildActionMask = 2147483647;
			dstPath = /usr/share/man/man1/;
			dstSubfolderSpec = 0;
			files = (
			);
			runOnlyForDeploymentPostprocessing = 1;
		};
/* End PBXCopyFilesBuildPhase section */

/* Begin PBXFileReference section */
		9625D2ED25028AD3004E6EDE /* DMRPractice */ = {isa = PBXFileReference; explicitFileType = "compiled.mach-o.executable"; includeInIndex = 0; path = DMRPractice; sourceTree = BUILT_PRODUCTS_DIR; };
		9625D2F025028AD3004E6EDE /* main.m */ = {isa = PBXFileReference; lastKnownFileType = sourcecode.c.objc; path = main.m; sourceTree = "<group>"; };
		9625D2FA25029459004E6EDE /* DMRLoadMethodTest.h */ = {isa = PBXFileReference; lastKnownFileType = sourcecode.c.h; path = DMRLoadMethodTest.h; sourceTree = "<group>"; };
		9625D2FB25029459004E6EDE /* DMRLoadMethodTest.m */ = {isa = PBXFileReference; lastKnownFileType = sourcecode.c.objc; path = DMRLoadMethodTest.m; sourceTree = "<group>"; };
		9625D2FD25029997004E6EDE /* DMRInitializeMethodTest.h */ = {isa = PBXFileReference; lastKnownFileType = sourcecode.c.h; path = DMRInitializeMethodTest.h; sourceTree = "<group>"; };
		9625D2FE25029997004E6EDE /* DMRInitializeMethodTest.m */ = {isa = PBXFileReference; lastKnownFileType = sourcecode.c.objc; path = DMRInitializeMethodTest.m; sourceTree = "<group>"; };
		9645ED462559869A005D54E5 /* GraphicDemo.app */ = {isa = PBXFileReference; explicitFileType = wrapper.application; includeInIndex = 0; path = GraphicDemo.app; sourceTree = BUILT_PRODUCTS_DIR; };
		9645ED482559869B005D54E5 /* AppDelegate.swift */ = {isa = PBXFileReference; lastKnownFileType = sourcecode.swift; path = AppDelegate.swift; sourceTree = "<group>"; };
		9645ED4A2559869B005D54E5 /* SceneDelegate.swift */ = {isa = PBXFileReference; lastKnownFileType = sourcecode.swift; path = SceneDelegate.swift; sourceTree = "<group>"; };
		9645ED4C2559869B005D54E5 /* ViewController.swift */ = {isa = PBXFileReference; lastKnownFileType = sourcecode.swift; path = ViewController.swift; sourceTree = "<group>"; };
		9645ED4F2559869B005D54E5 /* Base */ = {isa = PBXFileReference; lastKnownFileType = file.storyboard; name = Base; path = Base.lproj/Main.storyboard; sourceTree = "<group>"; };
		9645ED512559869B005D54E5 /* Assets.xcassets */ = {isa = PBXFileReference; lastKnownFileType = folder.assetcatalog; path = Assets.xcassets; sourceTree = "<group>"; };
		9645ED542559869B005D54E5 /* Base */ = {isa = PBXFileReference; lastKnownFileType = file.storyboard; name = Base; path = Base.lproj/LaunchScreen.storyboard; sourceTree = "<group>"; };
		9645ED562559869B005D54E5 /* Info.plist */ = {isa = PBXFileReference; lastKnownFileType = text.plist.xml; path = Info.plist; sourceTree = "<group>"; };
/* End PBXFileReference section */

/* Begin PBXFrameworksBuildPhase section */
		9625D2EA25028AD3004E6EDE /* Frameworks */ = {
			isa = PBXFrameworksBuildPhase;
			buildActionMask = 2147483647;
			files = (
			);
			runOnlyForDeploymentPostprocessing = 0;
		};
		9645ED432559869A005D54E5 /* Frameworks */ = {
			isa = PBXFrameworksBuildPhase;
			buildActionMask = 2147483647;
			files = (
			);
			runOnlyForDeploymentPostprocessing = 0;
		};
/* End PBXFrameworksBuildPhase section */

/* Begin PBXGroup section */
		9625D2E425028AD3004E6EDE = {
			isa = PBXGroup;
			children = (
				9625D2EF25028AD3004E6EDE /* DMRPractice */,
				9645ED472559869B005D54E5 /* GraphicDemo */,
				9625D2EE25028AD3004E6EDE /* Products */,
			);
			sourceTree = "<group>";
		};
		9625D2EE25028AD3004E6EDE /* Products */ = {
			isa = PBXGroup;
			children = (
				9625D2ED25028AD3004E6EDE /* DMRPractice */,
				9645ED462559869A005D54E5 /* GraphicDemo.app */,
			);
			name = Products;
			sourceTree = "<group>";
		};
		9625D2EF25028AD3004E6EDE /* DMRPractice */ = {
			isa = PBXGroup;
			children = (
				9625D2F025028AD3004E6EDE /* main.m */,
				9625D2FA25029459004E6EDE /* DMRLoadMethodTest.h */,
				9625D2FB25029459004E6EDE /* DMRLoadMethodTest.m */,
				9625D2FD25029997004E6EDE /* DMRInitializeMethodTest.h */,
				9625D2FE25029997004E6EDE /* DMRInitializeMethodTest.m */,
			);
			path = DMRPractice;
			sourceTree = "<group>";
		};
		9645ED472559869B005D54E5 /* GraphicDemo */ = {
			isa = PBXGroup;
			children = (
				9645ED482559869B005D54E5 /* AppDelegate.swift */,
				9645ED4A2559869B005D54E5 /* SceneDelegate.swift */,
				9645ED4C2559869B005D54E5 /* ViewController.swift */,
				9645ED4E2559869B005D54E5 /* Main.storyboard */,
				9645ED512559869B005D54E5 /* Assets.xcassets */,
				9645ED532559869B005D54E5 /* LaunchScreen.storyboard */,
				9645ED562559869B005D54E5 /* Info.plist */,
			);
			path = GraphicDemo;
			sourceTree = "<group>";
		};
/* End PBXGroup section */

/* Begin PBXNativeTarget section */
		9625D2EC25028AD3004E6EDE /* DMRPractice */ = {
			isa = PBXNativeTarget;
			buildConfigurationList = 9625D2F425028AD3004E6EDE /* Build configuration list for PBXNativeTarget "DMRPractice" */;
			buildPhases = (
				9625D2E925028AD3004E6EDE /* Sources */,
				9625D2EA25028AD3004E6EDE /* Frameworks */,
				9625D2EB25028AD3004E6EDE /* CopyFiles */,
			);
			buildRules = (
			);
			dependencies = (
			);
			name = DMRPractice;
			productName = DMRPractice;
			productReference = 9625D2ED25028AD3004E6EDE /* DMRPractice */;
			productType = "com.apple.product-type.tool";
		};
		9645ED452559869A005D54E5 /* GraphicDemo */ = {
			isa = PBXNativeTarget;
			buildConfigurationList = 9645ED592559869B005D54E5 /* Build configuration list for PBXNativeTarget "GraphicDemo" */;
			buildPhases = (
				9645ED422559869A005D54E5 /* Sources */,
				9645ED432559869A005D54E5 /* Frameworks */,
				9645ED442559869A005D54E5 /* Resources */,
			);
			buildRules = (
			);
			dependencies = (
			);
			name = GraphicDemo;
			productName = GraphicDemo;
			productReference = 9645ED462559869A005D54E5 /* GraphicDemo.app */;
			productType = "com.apple.product-type.application";
		};
/* End PBXNativeTarget section */

/* Begin PBXProject section */
		9625D2E525028AD3004E6EDE /* Project object */ = {
			isa = PBXProject;
			attributes = {
				LastSwiftUpdateCheck = 1170;
				LastUpgradeCheck = 1170;
				ORGANIZATIONNAME = Riven;
				TargetAttributes = {
					9625D2EC25028AD3004E6EDE = {
						CreatedOnToolsVersion = 11.7;
					};
					9645ED452559869A005D54E5 = {
						CreatedOnToolsVersion = 11.7;
					};
				};
			};
			buildConfigurationList = 9625D2E825028AD3004E6EDE /* Build configuration list for PBXProject "DMRPractice" */;
			compatibilityVersion = "Xcode 9.3";
			developmentRegion = en;
			hasScannedForEncodings = 0;
			knownRegions = (
				en,
				Base,
			);
			mainGroup = 9625D2E425028AD3004E6EDE;
			productRefGroup = 9625D2EE25028AD3004E6EDE /* Products */;
			projectDirPath = "";
			projectRoot = "";
			targets = (
				9625D2EC25028AD3004E6EDE /* DMRPractice */,
				9645ED452559869A005D54E5 /* GraphicDemo */,
			);
		};
/* End PBXProject section */

/* Begin PBXResourcesBuildPhase section */
		9645ED442559869A005D54E5 /* Resources */ = {
			isa = PBXResourcesBuildPhase;
			buildActionMask = 2147483647;
			files = (
				9645ED552559869B005D54E5 /* LaunchScreen.storyboard in Resources */,
				9645ED522559869B005D54E5 /* Assets.xcassets in Resources */,
				9645ED502559869B005D54E5 /* Main.storyboard in Resources */,
			);
			runOnlyForDeploymentPostprocessing = 0;
		};
/* End PBXResourcesBuildPhase section */

/* Begin PBXSourcesBuildPhase section */
		9625D2E925028AD3004E6EDE /* Sources */ = {
			isa = PBXSourcesBuildPhase;
			buildActionMask = 2147483647;
			files = (
				9625D2FF25029997004E6EDE /* DMRInitializeMethodTest.m in Sources */,
				9625D2F125028AD3004E6EDE /* main.m in Sources */,
				9625D2FC25029459004E6EDE /* DMRLoadMethodTest.m in Sources */,
			);
			runOnlyForDeploymentPostprocessing = 0;
		};
		9645ED422559869A005D54E5 /* Sources */ = {
			isa = PBXSourcesBuildPhase;
			buildActionMask = 2147483647;
			files = (
				9645ED4D2559869B005D54E5 /* ViewController.swift in Sources */,
				9645ED492559869B005D54E5 /* AppDelegate.swift in Sources */,
				9645ED4B2559869B005D54E5 /* SceneDelegate.swift in Sources */,
			);
			runOnlyForDeploymentPostprocessing = 0;
		};
/* End PBXSourcesBuildPhase section */

/* Begin PBXVariantGroup section */
		9645ED4E2559869B005D54E5 /* Main.storyboard */ = {
			isa = PBXVariantGroup;
			children = (
				9645ED4F2559869B005D54E5 /* Base */,
			);
			name = Main.storyboard;
			sourceTree = "<group>";
		};
		9645ED532559869B005D54E5 /* LaunchScreen.storyboard */ = {
			isa = PBXVariantGroup;
			children = (
				9645ED542559869B005D54E5 /* Base */,
			);
			name = LaunchScreen.storyboard;
			sourceTree = "<group>";
		};
/* End PBXVariantGroup section */

/* Begin XCBuildConfiguration section */
		9625D2F225028AD3004E6EDE /* Debug */ = {
			isa = XCBuildConfiguration;
			buildSettings = {
				ALWAYS_SEARCH_USER_PATHS = NO;
				CLANG_ANALYZER_NONNULL = YES;
				CLANG_ANALYZER_NUMBER_OBJECT_CONVERSION = YES_AGGRESSIVE;
				CLANG_CXX_LANGUAGE_STANDARD = "gnu++14";
				CLANG_CXX_LIBRARY = "libc++";
				CLANG_ENABLE_MODULES = YES;
				CLANG_ENABLE_OBJC_ARC = YES;
				CLANG_ENABLE_OBJC_WEAK = YES;
				CLANG_WARN_BLOCK_CAPTURE_AUTORELEASING = YES;
				CLANG_WARN_BOOL_CONVERSION = YES;
				CLANG_WARN_COMMA = YES;
				CLANG_WARN_CONSTANT_CONVERSION = YES;
				CLANG_WARN_DEPRECATED_OBJC_IMPLEMENTATIONS = YES;
				CLANG_WARN_DIRECT_OBJC_ISA_USAGE = YES_ERROR;
				CLANG_WARN_DOCUMENTATION_COMMENTS = YES;
				CLANG_WARN_EMPTY_BODY = YES;
				CLANG_WARN_ENUM_CONVERSION = YES;
				CLANG_WARN_INFINITE_RECURSION = YES;
				CLANG_WARN_INT_CONVERSION = YES;
				CLANG_WARN_NON_LITERAL_NULL_CONVERSION = YES;
				CLANG_WARN_OBJC_IMPLICIT_RETAIN_SELF = YES;
				CLANG_WARN_OBJC_LITERAL_CONVERSION = YES;
				CLANG_WARN_OBJC_ROOT_CLASS = YES_ERROR;
				CLANG_WARN_RANGE_LOOP_ANALYSIS = YES;
				CLANG_WARN_STRICT_PROTOTYPES = YES;
				CLANG_WARN_SUSPICIOUS_MOVE = YES;
				CLANG_WARN_UNGUARDED_AVAILABILITY = YES_AGGRESSIVE;
				CLANG_WARN_UNREACHABLE_CODE = YES;
				CLANG_WARN__DUPLICATE_METHOD_MATCH = YES;
				COPY_PHASE_STRIP = NO;
				DEBUG_INFORMATION_FORMAT = dwarf;
				ENABLE_STRICT_OBJC_MSGSEND = YES;
				ENABLE_TESTABILITY = YES;
				GCC_C_LANGUAGE_STANDARD = gnu11;
				GCC_DYNAMIC_NO_PIC = NO;
				GCC_NO_COMMON_BLOCKS = YES;
				GCC_OPTIMIZATION_LEVEL = 0;
				GCC_PREPROCESSOR_DEFINITIONS = (
					"DEBUG=1",
					"$(inherited)",
				);
				GCC_WARN_64_TO_32_BIT_CONVERSION = YES;
				GCC_WARN_ABOUT_RETURN_TYPE = YES_ERROR;
				GCC_WARN_UNDECLARED_SELECTOR = YES;
				GCC_WARN_UNINITIALIZED_AUTOS = YES_AGGRESSIVE;
				GCC_WARN_UNUSED_FUNCTION = YES;
				GCC_WARN_UNUSED_VARIABLE = YES;
				MACOSX_DEPLOYMENT_TARGET = 10.15;
				MTL_ENABLE_DEBUG_INFO = INCLUDE_SOURCE;
				MTL_FAST_MATH = YES;
				ONLY_ACTIVE_ARCH = YES;
				SDKROOT = macosx;
			};
			name = Debug;
		};
		9625D2F325028AD3004E6EDE /* Release */ = {
			isa = XCBuildConfiguration;
			buildSettings = {
				ALWAYS_SEARCH_USER_PATHS = NO;
				CLANG_ANALYZER_NONNULL = YES;
				CLANG_ANALYZER_NUMBER_OBJECT_CONVERSION = YES_AGGRESSIVE;
				CLANG_CXX_LANGUAGE_STANDARD = "gnu++14";
				CLANG_CXX_LIBRARY = "libc++";
				CLANG_ENABLE_MODULES = YES;
				CLANG_ENABLE_OBJC_ARC = YES;
				CLANG_ENABLE_OBJC_WEAK = YES;
				CLANG_WARN_BLOCK_CAPTURE_AUTORELEASING = YES;
				CLANG_WARN_BOOL_CONVERSION = YES;
				CLANG_WARN_COMMA = YES;
				CLANG_WARN_CONSTANT_CONVERSION = YES;
				CLANG_WARN_DEPRECATED_OBJC_IMPLEMENTATIONS = YES;
				CLANG_WARN_DIRECT_OBJC_ISA_USAGE = YES_ERROR;
				CLANG_WARN_DOCUMENTATION_COMMENTS = YES;
				CLANG_WARN_EMPTY_BODY = YES;
				CLANG_WARN_ENUM_CONVERSION = YES;
				CLANG_WARN_INFINITE_RECURSION = YES;
				CLANG_WARN_INT_CONVERSION = YES;
				CLANG_WARN_NON_LITERAL_NULL_CONVERSION = YES;
				CLANG_WARN_OBJC_IMPLICIT_RETAIN_SELF = YES;
				CLANG_WARN_OBJC_LITERAL_CONVERSION = YES;
				CLANG_WARN_OBJC_ROOT_CLASS = YES_ERROR;
				CLANG_WARN_RANGE_LOOP_ANALYSIS = YES;
				CLANG_WARN_STRICT_PROTOTYPES = YES;
				CLANG_WARN_SUSPICIOUS_MOVE = YES;
				CLANG_WARN_UNGUARDED_AVAILABILITY = YES_AGGRESSIVE;
				CLANG_WARN_UNREACHABLE_CODE = YES;
				CLANG_WARN__DUPLICATE_METHOD_MATCH = YES;
				COPY_PHASE_STRIP = NO;
				DEBUG_INFORMATION_FORMAT = "dwarf-with-dsym";
				ENABLE_NS_ASSERTIONS = NO;
				ENABLE_STRICT_OBJC_MSGSEND = YES;
				GCC_C_LANGUAGE_STANDARD = gnu11;
				GCC_NO_COMMON_BLOCKS = YES;
				GCC_WARN_64_TO_32_BIT_CONVERSION = YES;
				GCC_WARN_ABOUT_RETURN_TYPE = YES_ERROR;
				GCC_WARN_UNDECLARED_SELECTOR = YES;
				GCC_WARN_UNINITIALIZED_AUTOS = YES_AGGRESSIVE;
				GCC_WARN_UNUSED_FUNCTION = YES;
				GCC_WARN_UNUSED_VARIABLE = YES;
				MACOSX_DEPLOYMENT_TARGET = 10.15;
				MTL_ENABLE_DEBUG_INFO = NO;
				MTL_FAST_MATH = YES;
				SDKROOT = macosx;
			};
			name = Release;
		};
		9625D2F525028AD3004E6EDE /* Debug */ = {
			isa = XCBuildConfiguration;
			buildSettings = {
				CODE_SIGN_STYLE = Automatic;
				PRODUCT_NAME = "$(TARGET_NAME)";
			};
			name = Debug;
		};
		9625D2F625028AD3004E6EDE /* Release */ = {
			isa = XCBuildConfiguration;
			buildSettings = {
				CODE_SIGN_STYLE = Automatic;
				PRODUCT_NAME = "$(TARGET_NAME)";
			};
			name = Release;
		};
		9645ED572559869B005D54E5 /* Debug */ = {
			isa = XCBuildConfiguration;
			buildSettings = {
				ASSETCATALOG_COMPILER_APPICON_NAME = AppIcon;
				CODE_SIGN_STYLE = Automatic;
				INFOPLIST_FILE = GraphicDemo/Info.plist;
				IPHONEOS_DEPLOYMENT_TARGET = 13.7;
				LD_RUNPATH_SEARCH_PATHS = (
					"$(inherited)",
					"@executable_path/Frameworks",
				);
				PRODUCT_BUNDLE_IDENTIFIER = com.riven.GraphicDemo;
				PRODUCT_NAME = "$(TARGET_NAME)";
				SDKROOT = iphoneos;
				SWIFT_ACTIVE_COMPILATION_CONDITIONS = DEBUG;
				SWIFT_OPTIMIZATION_LEVEL = "-Onone";
				SWIFT_VERSION = 5.0;
				TARGETED_DEVICE_FAMILY = "1,2";
			};
			name = Debug;
		};
		9645ED582559869B005D54E5 /* Release */ = {
			isa = XCBuildConfiguration;
			buildSettings = {
				ASSETCATALOG_COMPILER_APPICON_NAME = AppIcon;
				CODE_SIGN_STYLE = Automatic;
				INFOPLIST_FILE = GraphicDemo/Info.plist;
				IPHONEOS_DEPLOYMENT_TARGET = 13.7;
				LD_RUNPATH_SEARCH_PATHS = (
					"$(inherited)",
					"@executable_path/Frameworks",
				);
				PRODUCT_BUNDLE_IDENTIFIER = com.riven.GraphicDemo;
				PRODUCT_NAME = "$(TARGET_NAME)";
				SDKROOT = iphoneos;
				SWIFT_COMPILATION_MODE = wholemodule;
				SWIFT_OPTIMIZATION_LEVEL = "-O";
				SWIFT_VERSION = 5.0;
				TARGETED_DEVICE_FAMILY = "1,2";
				VALIDATE_PRODUCT = YES;
			};
			name = Release;
		};
/* End XCBuildConfiguration section */

/* Begin XCConfigurationList section */
		9625D2E825028AD3004E6EDE /* Build configuration list for PBXProject "DMRPractice" */ = {
			isa = XCConfigurationList;
			buildConfigurations = (
				9625D2F225028AD3004E6EDE /* Debug */,
				9625D2F325028AD3004E6EDE /* Release */,
			);
			defaultConfigurationIsVisible = 0;
			defaultConfigurationName = Release;
		};
		9625D2F425028AD3004E6EDE /* Build configuration list for PBXNativeTarget "DMRPractice" */ = {
			isa = XCConfigurationList;
			buildConfigurations = (
				9625D2F525028AD3004E6EDE /* Debug */,
				9625D2F625028AD3004E6EDE /* Release */,
			);
			defaultConfigurationIsVisible = 0;
			defaultConfigurationName = Release;
		};
		9645ED592559869B005D54E5 /* Build configuration list for PBXNativeTarget "GraphicDemo" */ = {
			isa = XCConfigurationList;
			buildConfigurations = (
				9645ED572559869B005D54E5 /* Debug */,
				9645ED582559869B005D54E5 /* Release */,
			);
			defaultConfigurationIsVisible = 0;
			defaultConfigurationName = Release;
		};
/* End XCConfigurationList section */
	};
	rootObject = 9625D2E525028AD3004E6EDE /* Project object */;
}
