// !$*UTF8*$!
{
	archiveVersion = 1;
	classes = {
	};
	objectVersion = 56;
	objects = {

/* Begin PBXBuildFile section */
		96946DCA2A1CA8DD00B88494 /* main.m in Sources */ = {isa = PBXBuildFile; fileRef = 96946DC92A1CA8DD00B88494 /* main.m */; };
		96946DD42A1CA98400B88494 /* DMRNSThreadTester.m in Sources */ = {isa = PBXBuildFile; fileRef = 96946DD32A1CA98400B88494 /* DMRNSThreadTester.m */; };
/* End PBXBuildFile section */

/* Begin PBXCopyFilesBuildPhase section */
		96946DC42A1CA8DD00B88494 /* CopyFiles */ = {
			isa = PBXCopyFilesBuildPhase;
			buildActionMask = 2147483647;
			dstPath = /usr/share/man/man1/;
			dstSubfolderSpec = 0;
			files = (
			);
			runOnlyForDeploymentPostprocessing = 1;
		};
/* End PBXCopyFilesBuildPhase section */

/* Begin PBXFileReference section */
		96946DC62A1CA8DD00B88494 /* DMRThread */ = {isa = PBXFileReference; explicitFileType = "compiled.mach-o.executable"; includeInIndex = 0; path = DMRThread; sourceTree = BUILT_PRODUCTS_DIR; };
		96946DC92A1CA8DD00B88494 /* main.m */ = {isa = PBXFileReference; lastKnownFileType = sourcecode.c.objc; path = main.m; sourceTree = "<group>"; };
		96946DD22A1CA98400B88494 /* DMRNSThreadTester.h */ = {isa = PBXFileReference; lastKnownFileType = sourcecode.c.h; path = DMRNSThreadTester.h; sourceTree = "<group>"; };
		96946DD32A1CA98400B88494 /* DMRNSThreadTester.m */ = {isa = PBXFileReference; lastKnownFileType = sourcecode.c.objc; path = DMRNSThreadTester.m; sourceTree = "<group>"; };
/* End PBXFileReference section */

/* Begin PBXFrameworksBuildPhase section */
		96946DC32A1CA8DD00B88494 /* Frameworks */ = {
			isa = PBXFrameworksBuildPhase;
			buildActionMask = 2147483647;
			files = (
			);
			runOnlyForDeploymentPostprocessing = 0;
		};
/* End PBXFrameworksBuildPhase section */

/* Begin PBXGroup section */
		96946DBD2A1CA8DD00B88494 = {
			isa = PBXGroup;
			children = (
				96946DC82A1CA8DD00B88494 /* DMRThread */,
				96946DC72A1CA8DD00B88494 /* Products */,
			);
			sourceTree = "<group>";
		};
		96946DC72A1CA8DD00B88494 /* Products */ = {
			isa = PBXGroup;
			children = (
				96946DC62A1CA8DD00B88494 /* DMRThread */,
			);
			name = Products;
			sourceTree = "<group>";
		};
		96946DC82A1CA8DD00B88494 /* DMRThread */ = {
			isa = PBXGroup;
			children = (
				96946DC92A1CA8DD00B88494 /* main.m */,
				96946DD12A1CA94200B88494 /* GCD */,
				96946DD02A1CA92700B88494 /* NSThread */,
			);
			path = DMRThread;
			sourceTree = "<group>";
		};
		96946DD02A1CA92700B88494 /* NSThread */ = {
			isa = PBXGroup;
			children = (
				96946DD22A1CA98400B88494 /* DMRNSThreadTester.h */,
				96946DD32A1CA98400B88494 /* DMRNSThreadTester.m */,
			);
			path = NSThread;
			sourceTree = "<group>";
		};
		96946DD12A1CA94200B88494 /* GCD */ = {
			isa = PBXGroup;
			children = (
			);
			path = GCD;
			sourceTree = "<group>";
		};
/* End PBXGroup section */

/* Begin PBXNativeTarget section */
		96946DC52A1CA8DD00B88494 /* DMRThread */ = {
			isa = PBXNativeTarget;
			buildConfigurationList = 96946DCD2A1CA8DD00B88494 /* Build configuration list for PBXNativeTarget "DMRThread" */;
			buildPhases = (
				96946DC22A1CA8DD00B88494 /* Sources */,
				96946DC32A1CA8DD00B88494 /* Frameworks */,
				96946DC42A1CA8DD00B88494 /* CopyFiles */,
			);
			buildRules = (
			);
			dependencies = (
			);
			name = DMRThread;
			productName = DMRThread;
			productReference = 96946DC62A1CA8DD00B88494 /* DMRThread */;
			productType = "com.apple.product-type.tool";
		};
/* End PBXNativeTarget section */

/* Begin PBXProject section */
		96946DBE2A1CA8DD00B88494 /* Project object */ = {
			isa = PBXProject;
			attributes = {
				BuildIndependentTargetsInParallel = 1;
				LastUpgradeCheck = 1420;
				TargetAttributes = {
					96946DC52A1CA8DD00B88494 = {
						CreatedOnToolsVersion = 14.2;
					};
				};
			};
			buildConfigurationList = 96946DC12A1CA8DD00B88494 /* Build configuration list for PBXProject "DMRThread" */;
			compatibilityVersion = "Xcode 14.0";
			developmentRegion = en;
			hasScannedForEncodings = 0;
			knownRegions = (
				en,
				Base,
			);
			mainGroup = 96946DBD2A1CA8DD00B88494;
			productRefGroup = 96946DC72A1CA8DD00B88494 /* Products */;
			projectDirPath = "";
			projectRoot = "";
			targets = (
				96946DC52A1CA8DD00B88494 /* DMRThread */,
			);
		};
/* End PBXProject section */

/* Begin PBXSourcesBuildPhase section */
		96946DC22A1CA8DD00B88494 /* Sources */ = {
			isa = PBXSourcesBuildPhase;
			buildActionMask = 2147483647;
			files = (
				96946DCA2A1CA8DD00B88494 /* main.m in Sources */,
				96946DD42A1CA98400B88494 /* DMRNSThreadTester.m in Sources */,
			);
			runOnlyForDeploymentPostprocessing = 0;
		};
/* End PBXSourcesBuildPhase section */

/* Begin XCBuildConfiguration section */
		96946DCB2A1CA8DD00B88494 /* Debug */ = {
			isa = XCBuildConfiguration;
			buildSettings = {
				ALWAYS_SEARCH_USER_PATHS = NO;
				CLANG_ANALYZER_NONNULL = YES;
				CLANG_ANALYZER_NUMBER_OBJECT_CONVERSION = YES_AGGRESSIVE;
				CLANG_CXX_LANGUAGE_STANDARD = "gnu++20";
				CLANG_ENABLE_MODULES = YES;
				CLANG_ENABLE_OBJC_ARC = YES;
				CLANG_ENABLE_OBJC_WEAK = YES;
				CLANG_WARN_BLOCK_CAPTURE_AUTORELEASING = YES;
				CLANG_WARN_BOOL_CONVERSION = YES;
				CLANG_WARN_COMMA = YES;
				CLANG_WARN_CONSTANT_CONVERSION = YES;
				CLANG_WARN_DEPRECATED_OBJC_IMPLEMENTATIONS = YES;
				CLANG_WARN_DIRECT_OBJC_ISA_USAGE = YES_ERROR;
				CLANG_WARN_DOCUMENTATION_COMMENTS = YES;
				CLANG_WARN_EMPTY_BODY = YES;
				CLANG_WARN_ENUM_CONVERSION = YES;
				CLANG_WARN_INFINITE_RECURSION = YES;
				CLANG_WARN_INT_CONVERSION = YES;
				CLANG_WARN_NON_LITERAL_NULL_CONVERSION = YES;
				CLANG_WARN_OBJC_IMPLICIT_RETAIN_SELF = YES;
				CLANG_WARN_OBJC_LITERAL_CONVERSION = YES;
				CLANG_WARN_OBJC_ROOT_CLASS = YES_ERROR;
				CLANG_WARN_QUOTED_INCLUDE_IN_FRAMEWORK_HEADER = YES;
				CLANG_WARN_RANGE_LOOP_ANALYSIS = YES;
				CLANG_WARN_STRICT_PROTOTYPES = YES;
				CLANG_WARN_SUSPICIOUS_MOVE = YES;
				CLANG_WARN_UNGUARDED_AVAILABILITY = YES_AGGRESSIVE;
				CLANG_WARN_UNREACHABLE_CODE = YES;
				CLANG_WARN__DUPLICATE_METHOD_MATCH = YES;
				COPY_PHASE_STRIP = NO;
				DEBUG_INFORMATION_FORMAT = dwarf;
				ENABLE_STRICT_OBJC_MSGSEND = YES;
				ENABLE_TESTABILITY = YES;
				GCC_C_LANGUAGE_STANDARD = gnu11;
				GCC_DYNAMIC_NO_PIC = NO;
				GCC_NO_COMMON_BLOCKS = YES;
				GCC_OPTIMIZATION_LEVEL = 0;
				GCC_PREPROCESSOR_DEFINITIONS = (
					"DEBUG=1",
					"$(inherited)",
				);
				GCC_WARN_64_TO_32_BIT_CONVERSION = YES;
				GCC_WARN_ABOUT_RETURN_TYPE = YES_ERROR;
				GCC_WARN_UNDECLARED_SELECTOR = YES;
				GCC_WARN_UNINITIALIZED_AUTOS = YES_AGGRESSIVE;
				GCC_WARN_UNUSED_FUNCTION = YES;
				GCC_WARN_UNUSED_VARIABLE = YES;
				MACOSX_DEPLOYMENT_TARGET = 12.6;
				MTL_ENABLE_DEBUG_INFO = INCLUDE_SOURCE;
				MTL_FAST_MATH = YES;
				ONLY_ACTIVE_ARCH = YES;
				SDKROOT = macosx;
			};
			name = Debug;
		};
		96946DCC2A1CA8DD00B88494 /* Release */ = {
			isa = XCBuildConfiguration;
			buildSettings = {
				ALWAYS_SEARCH_USER_PATHS = NO;
				CLANG_ANALYZER_NONNULL = YES;
				CLANG_ANALYZER_NUMBER_OBJECT_CONVERSION = YES_AGGRESSIVE;
				CLANG_CXX_LANGUAGE_STANDARD = "gnu++20";
				CLANG_ENABLE_MODULES = YES;
				CLANG_ENABLE_OBJC_ARC = YES;
				CLANG_ENABLE_OBJC_WEAK = YES;
				CLANG_WARN_BLOCK_CAPTURE_AUTORELEASING = YES;
				CLANG_WARN_BOOL_CONVERSION = YES;
				CLANG_WARN_COMMA = YES;
				CLANG_WARN_CONSTANT_CONVERSION = YES;
				CLANG_WARN_DEPRECATED_OBJC_IMPLEMENTATIONS = YES;
				CLANG_WARN_DIRECT_OBJC_ISA_USAGE = YES_ERROR;
				CLANG_WARN_DOCUMENTATION_COMMENTS = YES;
				CLANG_WARN_EMPTY_BODY = YES;
				CLANG_WARN_ENUM_CONVERSION = YES;
				CLANG_WARN_INFINITE_RECURSION = YES;
				CLANG_WARN_INT_CONVERSION = YES;
				CLANG_WARN_NON_LITERAL_NULL_CONVERSION = YES;
				CLANG_WARN_OBJC_IMPLICIT_RETAIN_SELF = YES;
				CLANG_WARN_OBJC_LITERAL_CONVERSION = YES;
				CLANG_WARN_OBJC_ROOT_CLASS = YES_ERROR;
				CLANG_WARN_QUOTED_INCLUDE_IN_FRAMEWORK_HEADER = YES;
				CLANG_WARN_RANGE_LOOP_ANALYSIS = YES;
				CLANG_WARN_STRICT_PROTOTYPES = YES;
				CLANG_WARN_SUSPICIOUS_MOVE = YES;
				CLANG_WARN_UNGUARDED_AVAILABILITY = YES_AGGRESSIVE;
				CLANG_WARN_UNREACHABLE_CODE = YES;
				CLANG_WARN__DUPLICATE_METHOD_MATCH = YES;
				COPY_PHASE_STRIP = NO;
				DEBUG_INFORMATION_FORMAT = "dwarf-with-dsym";
				ENABLE_NS_ASSERTIONS = NO;
				ENABLE_STRICT_OBJC_MSGSEND = YES;
				GCC_C_LANGUAGE_STANDARD = gnu11;
				GCC_NO_COMMON_BLOCKS = YES;
				GCC_WARN_64_TO_32_BIT_CONVERSION = YES;
				GCC_WARN_ABOUT_RETURN_TYPE = YES_ERROR;
				GCC_WARN_UNDECLARED_SELECTOR = YES;
				GCC_WARN_UNINITIALIZED_AUTOS = YES_AGGRESSIVE;
				GCC_WARN_UNUSED_FUNCTION = YES;
				GCC_WARN_UNUSED_VARIABLE = YES;
				MACOSX_DEPLOYMENT_TARGET = 12.6;
				MTL_ENABLE_DEBUG_INFO = NO;
				MTL_FAST_MATH = YES;
				SDKROOT = macosx;
			};
			name = Release;
		};
		96946DCE2A1CA8DD00B88494 /* Debug */ = {
			isa = XCBuildConfiguration;
			buildSettings = {
				CODE_SIGN_STYLE = Automatic;
				PRODUCT_NAME = "$(TARGET_NAME)";
			};
			name = Debug;
		};
		96946DCF2A1CA8DD00B88494 /* Release */ = {
			isa = XCBuildConfiguration;
			buildSettings = {
				CODE_SIGN_STYLE = Automatic;
				PRODUCT_NAME = "$(TARGET_NAME)";
			};
			name = Release;
		};
/* End XCBuildConfiguration section */

/* Begin XCConfigurationList section */
		96946DC12A1CA8DD00B88494 /* Build configuration list for PBXProject "DMRThread" */ = {
			isa = XCConfigurationList;
			buildConfigurations = (
				96946DCB2A1CA8DD00B88494 /* Debug */,
				96946DCC2A1CA8DD00B88494 /* Release */,
			);
			defaultConfigurationIsVisible = 0;
			defaultConfigurationName = Release;
		};
		96946DCD2A1CA8DD00B88494 /* Build configuration list for PBXNativeTarget "DMRThread" */ = {
			isa = XCConfigurationList;
			buildConfigurations = (
				96946DCE2A1CA8DD00B88494 /* Debug */,
				96946DCF2A1CA8DD00B88494 /* Release */,
			);
			defaultConfigurationIsVisible = 0;
			defaultConfigurationName = Release;
		};
/* End XCConfigurationList section */
	};
	rootObject = 96946DBE2A1CA8DD00B88494 /* Project object */;
}
