// !$*UTF8*$!
{
	archiveVersion = 1;
	classes = {
	};
	objectVersion = 56;
	objects = {

/* Begin PBXBuildFile section */
		969505702A18B9F4001DCC88 /* main.m in Sources */ = {isa = PBXBuildFile; fileRef = 9695056F2A18B9F4001DCC88 /* main.m */; };
		9695057A2A18D0EB001DCC88 /* DMRPerson.m in Sources */ = {isa = PBXBuildFile; fileRef = 969505792A18D0EB001DCC88 /* DMRPerson.m */; };
		9695057D2A18D22E001DCC88 /* DMRRTPrincipleTester.m in Sources */ = {isa = PBXBuildFile; fileRef = 9695057C2A18D22E001DCC88 /* DMRRTPrincipleTester.m */; };
		9698C2292A1B0752001C2AC8 /* DMRLoadMethodTest.m in Sources */ = {isa = PBXBuildFile; fileRef = 9698C2262A1B0752001C2AC8 /* DMRLoadMethodTest.m */; };
		9698C22A2A1B0752001C2AC8 /* DMRInitializeMethodTest.m in Sources */ = {isa = PBXBuildFile; fileRef = 9698C2272A1B0752001C2AC8 /* DMRInitializeMethodTest.m */; };
		9698C22D2A1B38A6001C2AC8 /* DMRWorker.m in Sources */ = {isa = PBXBuildFile; fileRef = 9698C22C2A1B38A6001C2AC8 /* DMRWorker.m */; };
		9698C2302A1B499E001C2AC8 /* DMRForwardMsgTester.m in Sources */ = {isa = PBXBuildFile; fileRef = 9698C22F2A1B499E001C2AC8 /* DMRForwardMsgTester.m */; };
/* End PBXBuildFile section */

/* Begin PBXCopyFilesBuildPhase section */
		9695056A2A18B9F4001DCC88 /* CopyFiles */ = {
			isa = PBXCopyFilesBuildPhase;
			buildActionMask = 2147483647;
			dstPath = /usr/share/man/man1/;
			dstSubfolderSpec = 0;
			files = (
			);
			runOnlyForDeploymentPostprocessing = 1;
		};
/* End PBXCopyFilesBuildPhase section */

/* Begin PBXFileReference section */
		9695056C2A18B9F4001DCC88 /* DMRRuntime */ = {isa = PBXFileReference; explicitFileType = "compiled.mach-o.executable"; includeInIndex = 0; path = DMRRuntime; sourceTree = BUILT_PRODUCTS_DIR; };
		9695056F2A18B9F4001DCC88 /* main.m */ = {isa = PBXFileReference; lastKnownFileType = sourcecode.c.objc; path = main.m; sourceTree = "<group>"; };
		969505772A18C795001DCC88 /* runtime.md */ = {isa = PBXFileReference; lastKnownFileType = net.daringfireball.markdown; path = runtime.md; sourceTree = "<group>"; };
		969505782A18D0EB001DCC88 /* DMRPerson.h */ = {isa = PBXFileReference; lastKnownFileType = sourcecode.c.h; path = DMRPerson.h; sourceTree = "<group>"; };
		969505792A18D0EB001DCC88 /* DMRPerson.m */ = {isa = PBXFileReference; lastKnownFileType = sourcecode.c.objc; path = DMRPerson.m; sourceTree = "<group>"; };
		9695057B2A18D22E001DCC88 /* DMRRTPrincipleTester.h */ = {isa = PBXFileReference; lastKnownFileType = sourcecode.c.h; path = DMRRTPrincipleTester.h; sourceTree = "<group>"; };
		9695057C2A18D22E001DCC88 /* DMRRTPrincipleTester.m */ = {isa = PBXFileReference; lastKnownFileType = sourcecode.c.objc; path = DMRRTPrincipleTester.m; sourceTree = "<group>"; };
		9698C2252A1B0751001C2AC8 /* DMRLoadMethodTest.h */ = {isa = PBXFileReference; fileEncoding = 4; lastKnownFileType = sourcecode.c.h; path = DMRLoadMethodTest.h; sourceTree = "<group>"; };
		9698C2262A1B0752001C2AC8 /* DMRLoadMethodTest.m */ = {isa = PBXFileReference; fileEncoding = 4; lastKnownFileType = sourcecode.c.objc; path = DMRLoadMethodTest.m; sourceTree = "<group>"; };
		9698C2272A1B0752001C2AC8 /* DMRInitializeMethodTest.m */ = {isa = PBXFileReference; fileEncoding = 4; lastKnownFileType = sourcecode.c.objc; path = DMRInitializeMethodTest.m; sourceTree = "<group>"; };
		9698C2282A1B0752001C2AC8 /* DMRInitializeMethodTest.h */ = {isa = PBXFileReference; fileEncoding = 4; lastKnownFileType = sourcecode.c.h; path = DMRInitializeMethodTest.h; sourceTree = "<group>"; };
		9698C22B2A1B38A6001C2AC8 /* DMRWorker.h */ = {isa = PBXFileReference; lastKnownFileType = sourcecode.c.h; path = DMRWorker.h; sourceTree = "<group>"; };
		9698C22C2A1B38A6001C2AC8 /* DMRWorker.m */ = {isa = PBXFileReference; lastKnownFileType = sourcecode.c.objc; path = DMRWorker.m; sourceTree = "<group>"; };
		9698C22E2A1B499E001C2AC8 /* DMRForwardMsgTester.h */ = {isa = PBXFileReference; lastKnownFileType = sourcecode.c.h; path = DMRForwardMsgTester.h; sourceTree = "<group>"; };
		9698C22F2A1B499E001C2AC8 /* DMRForwardMsgTester.m */ = {isa = PBXFileReference; lastKnownFileType = sourcecode.c.objc; path = DMRForwardMsgTester.m; sourceTree = "<group>"; };
/* End PBXFileReference section */

/* Begin PBXFrameworksBuildPhase section */
		969505692A18B9F4001DCC88 /* Frameworks */ = {
			isa = PBXFrameworksBuildPhase;
			buildActionMask = 2147483647;
			files = (
			);
			runOnlyForDeploymentPostprocessing = 0;
		};
/* End PBXFrameworksBuildPhase section */

/* Begin PBXGroup section */
		969505632A18B9F4001DCC88 = {
			isa = PBXGroup;
			children = (
				9695056E2A18B9F4001DCC88 /* DMRRuntime */,
				9695056D2A18B9F4001DCC88 /* Products */,
			);
			sourceTree = "<group>";
		};
		9695056D2A18B9F4001DCC88 /* Products */ = {
			isa = PBXGroup;
			children = (
				9695056C2A18B9F4001DCC88 /* DMRRuntime */,
			);
			name = Products;
			sourceTree = "<group>";
		};
		9695056E2A18B9F4001DCC88 /* DMRRuntime */ = {
			isa = PBXGroup;
			children = (
				969505772A18C795001DCC88 /* runtime.md */,
				969505782A18D0EB001DCC88 /* DMRPerson.h */,
				969505792A18D0EB001DCC88 /* DMRPerson.m */,
				9698C22B2A1B38A6001C2AC8 /* DMRWorker.h */,
				9698C22C2A1B38A6001C2AC8 /* DMRWorker.m */,
				9695056F2A18B9F4001DCC88 /* main.m */,
				969505762A18BCAE001DCC88 /* Runtime原理 */,
				9698C2242A1AFC74001C2AC8 /* 消息转发机制 */,
				9698C2232A1AFAD2001C2AC8 /* load与initialize */,
			);
			path = DMRRuntime;
			sourceTree = "<group>";
		};
		969505762A18BCAE001DCC88 /* Runtime原理 */ = {
			isa = PBXGroup;
			children = (
				9695057B2A18D22E001DCC88 /* DMRRTPrincipleTester.h */,
				9695057C2A18D22E001DCC88 /* DMRRTPrincipleTester.m */,
			);
			path = "Runtime原理";
			sourceTree = "<group>";
		};
		9698C2232A1AFAD2001C2AC8 /* load与initialize */ = {
			isa = PBXGroup;
			children = (
				9698C2282A1B0752001C2AC8 /* DMRInitializeMethodTest.h */,
				9698C2272A1B0752001C2AC8 /* DMRInitializeMethodTest.m */,
				9698C2252A1B0751001C2AC8 /* DMRLoadMethodTest.h */,
				9698C2262A1B0752001C2AC8 /* DMRLoadMethodTest.m */,
			);
			path = "load与initialize";
			sourceTree = "<group>";
		};
		9698C2242A1AFC74001C2AC8 /* 消息转发机制 */ = {
			isa = PBXGroup;
			children = (
				9698C22E2A1B499E001C2AC8 /* DMRForwardMsgTester.h */,
				9698C22F2A1B499E001C2AC8 /* DMRForwardMsgTester.m */,
			);
			path = "消息转发机制";
			sourceTree = "<group>";
		};
/* End PBXGroup section */

/* Begin PBXNativeTarget section */
		9695056B2A18B9F4001DCC88 /* DMRRuntime */ = {
			isa = PBXNativeTarget;
			buildConfigurationList = 969505732A18B9F4001DCC88 /* Build configuration list for PBXNativeTarget "DMRRuntime" */;
			buildPhases = (
				969505682A18B9F4001DCC88 /* Sources */,
				969505692A18B9F4001DCC88 /* Frameworks */,
				9695056A2A18B9F4001DCC88 /* CopyFiles */,
			);
			buildRules = (
			);
			dependencies = (
			);
			name = DMRRuntime;
			productName = DMRRuntime;
			productReference = 9695056C2A18B9F4001DCC88 /* DMRRuntime */;
			productType = "com.apple.product-type.tool";
		};
/* End PBXNativeTarget section */

/* Begin PBXProject section */
		969505642A18B9F4001DCC88 /* Project object */ = {
			isa = PBXProject;
			attributes = {
				BuildIndependentTargetsInParallel = 1;
				LastUpgradeCheck = 1420;
				TargetAttributes = {
					9695056B2A18B9F4001DCC88 = {
						CreatedOnToolsVersion = 14.2;
					};
				};
			};
			buildConfigurationList = 969505672A18B9F4001DCC88 /* Build configuration list for PBXProject "DMRRuntime" */;
			compatibilityVersion = "Xcode 14.0";
			developmentRegion = en;
			hasScannedForEncodings = 0;
			knownRegions = (
				en,
				Base,
			);
			mainGroup = 969505632A18B9F4001DCC88;
			productRefGroup = 9695056D2A18B9F4001DCC88 /* Products */;
			projectDirPath = "";
			projectRoot = "";
			targets = (
				9695056B2A18B9F4001DCC88 /* DMRRuntime */,
			);
		};
/* End PBXProject section */

/* Begin PBXSourcesBuildPhase section */
		969505682A18B9F4001DCC88 /* Sources */ = {
			isa = PBXSourcesBuildPhase;
			buildActionMask = 2147483647;
			files = (
				9698C22A2A1B0752001C2AC8 /* DMRInitializeMethodTest.m in Sources */,
				9698C22D2A1B38A6001C2AC8 /* DMRWorker.m in Sources */,
				9695057A2A18D0EB001DCC88 /* DMRPerson.m in Sources */,
				9698C2302A1B499E001C2AC8 /* DMRForwardMsgTester.m in Sources */,
				9695057D2A18D22E001DCC88 /* DMRRTPrincipleTester.m in Sources */,
				9698C2292A1B0752001C2AC8 /* DMRLoadMethodTest.m in Sources */,
				969505702A18B9F4001DCC88 /* main.m in Sources */,
			);
			runOnlyForDeploymentPostprocessing = 0;
		};
/* End PBXSourcesBuildPhase section */

/* Begin XCBuildConfiguration section */
		969505712A18B9F4001DCC88 /* Debug */ = {
			isa = XCBuildConfiguration;
			buildSettings = {
				ALWAYS_SEARCH_USER_PATHS = NO;
				CLANG_ANALYZER_NONNULL = YES;
				CLANG_ANALYZER_NUMBER_OBJECT_CONVERSION = YES_AGGRESSIVE;
				CLANG_CXX_LANGUAGE_STANDARD = "gnu++20";
				CLANG_ENABLE_MODULES = YES;
				CLANG_ENABLE_OBJC_ARC = YES;
				CLANG_ENABLE_OBJC_WEAK = YES;
				CLANG_WARN_BLOCK_CAPTURE_AUTORELEASING = YES;
				CLANG_WARN_BOOL_CONVERSION = YES;
				CLANG_WARN_COMMA = YES;
				CLANG_WARN_CONSTANT_CONVERSION = YES;
				CLANG_WARN_DEPRECATED_OBJC_IMPLEMENTATIONS = YES;
				CLANG_WARN_DIRECT_OBJC_ISA_USAGE = YES_ERROR;
				CLANG_WARN_DOCUMENTATION_COMMENTS = YES;
				CLANG_WARN_EMPTY_BODY = YES;
				CLANG_WARN_ENUM_CONVERSION = YES;
				CLANG_WARN_INFINITE_RECURSION = YES;
				CLANG_WARN_INT_CONVERSION = YES;
				CLANG_WARN_NON_LITERAL_NULL_CONVERSION = YES;
				CLANG_WARN_OBJC_IMPLICIT_RETAIN_SELF = YES;
				CLANG_WARN_OBJC_LITERAL_CONVERSION = YES;
				CLANG_WARN_OBJC_ROOT_CLASS = YES_ERROR;
				CLANG_WARN_QUOTED_INCLUDE_IN_FRAMEWORK_HEADER = YES;
				CLANG_WARN_RANGE_LOOP_ANALYSIS = YES;
				CLANG_WARN_STRICT_PROTOTYPES = YES;
				CLANG_WARN_SUSPICIOUS_MOVE = YES;
				CLANG_WARN_UNGUARDED_AVAILABILITY = YES_AGGRESSIVE;
				CLANG_WARN_UNREACHABLE_CODE = YES;
				CLANG_WARN__DUPLICATE_METHOD_MATCH = YES;
				COPY_PHASE_STRIP = NO;
				DEBUG_INFORMATION_FORMAT = dwarf;
				ENABLE_STRICT_OBJC_MSGSEND = YES;
				ENABLE_TESTABILITY = YES;
				GCC_C_LANGUAGE_STANDARD = gnu11;
				GCC_DYNAMIC_NO_PIC = NO;
				GCC_NO_COMMON_BLOCKS = YES;
				GCC_OPTIMIZATION_LEVEL = 0;
				GCC_PREPROCESSOR_DEFINITIONS = (
					"DEBUG=1",
					"$(inherited)",
				);
				GCC_WARN_64_TO_32_BIT_CONVERSION = YES;
				GCC_WARN_ABOUT_RETURN_TYPE = YES_ERROR;
				GCC_WARN_UNDECLARED_SELECTOR = YES;
				GCC_WARN_UNINITIALIZED_AUTOS = YES_AGGRESSIVE;
				GCC_WARN_UNUSED_FUNCTION = YES;
				GCC_WARN_UNUSED_VARIABLE = YES;
				MACOSX_DEPLOYMENT_TARGET = 12.6;
				MTL_ENABLE_DEBUG_INFO = INCLUDE_SOURCE;
				MTL_FAST_MATH = YES;
				ONLY_ACTIVE_ARCH = YES;
				SDKROOT = macosx;
			};
			name = Debug;
		};
		969505722A18B9F4001DCC88 /* Release */ = {
			isa = XCBuildConfiguration;
			buildSettings = {
				ALWAYS_SEARCH_USER_PATHS = NO;
				CLANG_ANALYZER_NONNULL = YES;
				CLANG_ANALYZER_NUMBER_OBJECT_CONVERSION = YES_AGGRESSIVE;
				CLANG_CXX_LANGUAGE_STANDARD = "gnu++20";
				CLANG_ENABLE_MODULES = YES;
				CLANG_ENABLE_OBJC_ARC = YES;
				CLANG_ENABLE_OBJC_WEAK = YES;
				CLANG_WARN_BLOCK_CAPTURE_AUTORELEASING = YES;
				CLANG_WARN_BOOL_CONVERSION = YES;
				CLANG_WARN_COMMA = YES;
				CLANG_WARN_CONSTANT_CONVERSION = YES;
				CLANG_WARN_DEPRECATED_OBJC_IMPLEMENTATIONS = YES;
				CLANG_WARN_DIRECT_OBJC_ISA_USAGE = YES_ERROR;
				CLANG_WARN_DOCUMENTATION_COMMENTS = YES;
				CLANG_WARN_EMPTY_BODY = YES;
				CLANG_WARN_ENUM_CONVERSION = YES;
				CLANG_WARN_INFINITE_RECURSION = YES;
				CLANG_WARN_INT_CONVERSION = YES;
				CLANG_WARN_NON_LITERAL_NULL_CONVERSION = YES;
				CLANG_WARN_OBJC_IMPLICIT_RETAIN_SELF = YES;
				CLANG_WARN_OBJC_LITERAL_CONVERSION = YES;
				CLANG_WARN_OBJC_ROOT_CLASS = YES_ERROR;
				CLANG_WARN_QUOTED_INCLUDE_IN_FRAMEWORK_HEADER = YES;
				CLANG_WARN_RANGE_LOOP_ANALYSIS = YES;
				CLANG_WARN_STRICT_PROTOTYPES = YES;
				CLANG_WARN_SUSPICIOUS_MOVE = YES;
				CLANG_WARN_UNGUARDED_AVAILABILITY = YES_AGGRESSIVE;
				CLANG_WARN_UNREACHABLE_CODE = YES;
				CLANG_WARN__DUPLICATE_METHOD_MATCH = YES;
				COPY_PHASE_STRIP = NO;
				DEBUG_INFORMATION_FORMAT = "dwarf-with-dsym";
				ENABLE_NS_ASSERTIONS = NO;
				ENABLE_STRICT_OBJC_MSGSEND = YES;
				GCC_C_LANGUAGE_STANDARD = gnu11;
				GCC_NO_COMMON_BLOCKS = YES;
				GCC_WARN_64_TO_32_BIT_CONVERSION = YES;
				GCC_WARN_ABOUT_RETURN_TYPE = YES_ERROR;
				GCC_WARN_UNDECLARED_SELECTOR = YES;
				GCC_WARN_UNINITIALIZED_AUTOS = YES_AGGRESSIVE;
				GCC_WARN_UNUSED_FUNCTION = YES;
				GCC_WARN_UNUSED_VARIABLE = YES;
				MACOSX_DEPLOYMENT_TARGET = 12.6;
				MTL_ENABLE_DEBUG_INFO = NO;
				MTL_FAST_MATH = YES;
				SDKROOT = macosx;
			};
			name = Release;
		};
		969505742A18B9F4001DCC88 /* Debug */ = {
			isa = XCBuildConfiguration;
			buildSettings = {
				CODE_SIGN_STYLE = Automatic;
				ENABLE_STRICT_OBJC_MSGSEND = NO;
				PRODUCT_NAME = "$(TARGET_NAME)";
			};
			name = Debug;
		};
		969505752A18B9F4001DCC88 /* Release */ = {
			isa = XCBuildConfiguration;
			buildSettings = {
				CODE_SIGN_STYLE = Automatic;
				ENABLE_STRICT_OBJC_MSGSEND = NO;
				PRODUCT_NAME = "$(TARGET_NAME)";
			};
			name = Release;
		};
/* End XCBuildConfiguration section */

/* Begin XCConfigurationList section */
		969505672A18B9F4001DCC88 /* Build configuration list for PBXProject "DMRRuntime" */ = {
			isa = XCConfigurationList;
			buildConfigurations = (
				969505712A18B9F4001DCC88 /* Debug */,
				969505722A18B9F4001DCC88 /* Release */,
			);
			defaultConfigurationIsVisible = 0;
			defaultConfigurationName = Release;
		};
		969505732A18B9F4001DCC88 /* Build configuration list for PBXNativeTarget "DMRRuntime" */ = {
			isa = XCConfigurationList;
			buildConfigurations = (
				969505742A18B9F4001DCC88 /* Debug */,
				969505752A18B9F4001DCC88 /* Release */,
			);
			defaultConfigurationIsVisible = 0;
			defaultConfigurationName = Release;
		};
/* End XCConfigurationList section */
	};
	rootObject = 969505642A18B9F4001DCC88 /* Project object */;
}
